
Microsoft Visual Studio Solution File, Format Version 12.00
# Visual Studio Version 17
VisualStudioVersion = 17.1.32228.430
MinimumVisualStudioVersion = 10.0.40219.1
Project("{FAE04EC0-301F-11D3-BF4B-00C04F79EFBC}") = "Vista", "Vista\Vista.csproj", "{779C944B-E1DF-45C0-9985-D99A09F53B49}"
EndProject
Project("{FAE04EC0-301F-11D3-BF4B-00C04F79EFBC}") = "Entidades", "Entidades\Entidades.csproj", "{4B4CB12A-7326-4911-AB57-B3632A6731D0}"
EndProject
Global
	GlobalSection(SolutionConfigurationPlatforms) = preSolution
		Debug|Any CPU = Debug|Any CPU
		Release|Any CPU = Release|Any CPU
	EndGlobalSection
	GlobalSection(ProjectConfigurationPlatforms) = postSolution
		{779C944B-E1DF-45C0-9985-D99A09F53B49}.Debug|Any CPU.ActiveCfg = Debug|Any CPU
		{779C944B-E1DF-45C0-9985-D99A09F53B49}.Debug|Any CPU.Build.0 = Debug|Any CPU
		{779C944B-E1DF-45C0-9985-D99A09F53B49}.Release|Any CPU.ActiveCfg = Release|Any CPU
		{779C944B-E1DF-45C0-9985-D99A09F53B49}.Release|Any CPU.Build.0 = Release|Any CPU
		{4B4CB12A-7326-4911-AB57-B3632A6731D0}.Debug|Any CPU.ActiveCfg = Debug|Any CPU
		{4B4CB12A-7326-4911-AB57-B3632A6731D0}.Debug|Any CPU.Build.0 = Debug|Any CPU
		{4B4CB12A-7326-4911-AB57-B3632A6731D0}.Release|Any CPU.ActiveCfg = Release|Any CPU
		{4B4CB12A-7326-4911-AB57-B3632A6731D0}.Release|Any CPU.Build.0 = Release|Any CPU
	EndGlobalSection
	GlobalSection(SolutionProperties) = preSolution
		HideSolutionNode = FALSE
	EndGlobalSection
	GlobalSection(ExtensibilityGlobals) = postSolution
		SolutionGuid = {B0BC1FE3-D3F5-411A-B081-C74B6B02E166}
	EndGlobalSection
EndGlobal
