
Microsoft Visual Studio Solution File, Format Version 12.00
# Visual Studio Version 17
VisualStudioVersion = 17.1.32228.430
MinimumVisualStudioVersion = 10.0.40219.1
Project("{FAE04EC0-301F-11D3-BF4B-00C04F79EFBC}") = "Vista", "Vista\Vista.csproj", "{29E34BCF-C241-42D7-B26C-17812096C9F1}"
EndProject
Project("{FAE04EC0-301F-11D3-BF4B-00C04F79EFBC}") = "Entidades", "CalculadoraDeArea\Entidades.csproj", "{6A03844B-B669-4AE9-BCA5-6D810130552F}"
EndProject
Global
	GlobalSection(SolutionConfigurationPlatforms) = preSolution
		Debug|Any CPU = Debug|Any CPU
		Release|Any CPU = Release|Any CPU
	EndGlobalSection
	GlobalSection(ProjectConfigurationPlatforms) = postSolution
		{29E34BCF-C241-42D7-B26C-17812096C9F1}.Debug|Any CPU.ActiveCfg = Debug|Any CPU
		{29E34BCF-C241-42D7-B26C-17812096C9F1}.Debug|Any CPU.Build.0 = Debug|Any CPU
		{29E34BCF-C241-42D7-B26C-17812096C9F1}.Release|Any CPU.ActiveCfg = Release|Any CPU
		{29E34BCF-C241-42D7-B26C-17812096C9F1}.Release|Any CPU.Build.0 = Release|Any CPU
		{6A03844B-B669-4AE9-BCA5-6D810130552F}.Debug|Any CPU.ActiveCfg = Debug|Any CPU
		{6A03844B-B669-4AE9-BCA5-6D810130552F}.Debug|Any CPU.Build.0 = Debug|Any CPU
		{6A03844B-B669-4AE9-BCA5-6D810130552F}.Release|Any CPU.ActiveCfg = Release|Any CPU
		{6A03844B-B669-4AE9-BCA5-6D810130552F}.Release|Any CPU.Build.0 = Release|Any CPU
	EndGlobalSection
	GlobalSection(SolutionProperties) = preSolution
		HideSolutionNode = FALSE
	EndGlobalSection
	GlobalSection(ExtensibilityGlobals) = postSolution
		SolutionGuid = {5844ED83-508A-4981-8C02-21E86385989F}
	EndGlobalSection
EndGlobal
