
Microsoft Visual Studio Solution File, Format Version 12.00
# Visual Studio Version 17
VisualStudioVersion = 17.1.32228.430
MinimumVisualStudioVersion = 10.0.40219.1
Project("{FAE04EC0-301F-11D3-BF4B-00C04F79EFBC}") = "Vista", "EjercicioI02\Vista.csproj", "{9C5D8729-CDE9-4E1A-9B5D-F9113EFE70F4}"
EndProject
Project("{FAE04EC0-301F-11D3-BF4B-00C04F79EFBC}") = "LogicaNegocio", "LogicaNegocio\LogicaNegocio.csproj", "{3077B527-DBFC-4936-B607-3D9FA8339025}"
EndProject
Global
	GlobalSection(SolutionConfigurationPlatforms) = preSolution
		Debug|Any CPU = Debug|Any CPU
		Release|Any CPU = Release|Any CPU
	EndGlobalSection
	GlobalSection(ProjectConfigurationPlatforms) = postSolution
		{9C5D8729-CDE9-4E1A-9B5D-F9113EFE70F4}.Debug|Any CPU.ActiveCfg = Debug|Any CPU
		{9C5D8729-CDE9-4E1A-9B5D-F9113EFE70F4}.Debug|Any CPU.Build.0 = Debug|Any CPU
		{9C5D8729-CDE9-4E1A-9B5D-F9113EFE70F4}.Release|Any CPU.ActiveCfg = Release|Any CPU
		{9C5D8729-CDE9-4E1A-9B5D-F9113EFE70F4}.Release|Any CPU.Build.0 = Release|Any CPU
		{3077B527-DBFC-4936-B607-3D9FA8339025}.Debug|Any CPU.ActiveCfg = Debug|Any CPU
		{3077B527-DBFC-4936-B607-3D9FA8339025}.Debug|Any CPU.Build.0 = Debug|Any CPU
		{3077B527-DBFC-4936-B607-3D9FA8339025}.Release|Any CPU.ActiveCfg = Release|Any CPU
		{3077B527-DBFC-4936-B607-3D9FA8339025}.Release|Any CPU.Build.0 = Release|Any CPU
	EndGlobalSection
	GlobalSection(SolutionProperties) = preSolution
		HideSolutionNode = FALSE
	EndGlobalSection
	GlobalSection(ExtensibilityGlobals) = postSolution
		SolutionGuid = {943FBBD5-6592-4CCE-9680-CD9546B8E567}
	EndGlobalSection
EndGlobal
