
Microsoft Visual Studio Solution File, Format Version 12.00
# Visual Studio Version 17
VisualStudioVersion = 17.1.32228.430
MinimumVisualStudioVersion = 10.0.40219.1
Project("{FAE04EC0-301F-11D3-BF4B-00C04F79EFBC}") = "EjercicioI05", "EjercicioI05\EjercicioI05.csproj", "{C4DB4441-CAB1-4DF9-8B0A-3988759CBC6E}"
EndProject
Global
	GlobalSection(SolutionConfigurationPlatforms) = preSolution
		Debug|Any CPU = Debug|Any CPU
		Release|Any CPU = Release|Any CPU
	EndGlobalSection
	GlobalSection(ProjectConfigurationPlatforms) = postSolution
		{C4DB4441-CAB1-4DF9-8B0A-3988759CBC6E}.Debug|Any CPU.ActiveCfg = Debug|Any CPU
		{C4DB4441-CAB1-4DF9-8B0A-3988759CBC6E}.Debug|Any CPU.Build.0 = Debug|Any CPU
		{C4DB4441-CAB1-4DF9-8B0A-3988759CBC6E}.Release|Any CPU.ActiveCfg = Release|Any CPU
		{C4DB4441-CAB1-4DF9-8B0A-3988759CBC6E}.Release|Any CPU.Build.0 = Release|Any CPU
	EndGlobalSection
	GlobalSection(SolutionProperties) = preSolution
		HideSolutionNode = FALSE
	EndGlobalSection
	GlobalSection(ExtensibilityGlobals) = postSolution
		SolutionGuid = {F2E3F702-E966-4831-B3BC-0354806AF080}
	EndGlobalSection
EndGlobal
