
Microsoft Visual Studio Solution File, Format Version 12.00
# Visual Studio Version 17
VisualStudioVersion = 17.1.32228.430
MinimumVisualStudioVersion = 10.0.40219.1
Project("{FAE04EC0-301F-11D3-BF4B-00C04F79EFBC}") = "EjercicioI03", "EjercicioI03\EjercicioI03.csproj", "{C0D69CC0-3C7B-451C-8FB1-B667B884D8E8}"
EndProject
Global
	GlobalSection(SolutionConfigurationPlatforms) = preSolution
		Debug|Any CPU = Debug|Any CPU
		Release|Any CPU = Release|Any CPU
	EndGlobalSection
	GlobalSection(ProjectConfigurationPlatforms) = postSolution
		{C0D69CC0-3C7B-451C-8FB1-B667B884D8E8}.Debug|Any CPU.ActiveCfg = Debug|Any CPU
		{C0D69CC0-3C7B-451C-8FB1-B667B884D8E8}.Debug|Any CPU.Build.0 = Debug|Any CPU
		{C0D69CC0-3C7B-451C-8FB1-B667B884D8E8}.Release|Any CPU.ActiveCfg = Release|Any CPU
		{C0D69CC0-3C7B-451C-8FB1-B667B884D8E8}.Release|Any CPU.Build.0 = Release|Any CPU
	EndGlobalSection
	GlobalSection(SolutionProperties) = preSolution
		HideSolutionNode = FALSE
	EndGlobalSection
	GlobalSection(ExtensibilityGlobals) = postSolution
		SolutionGuid = {76361A64-412C-4655-95CA-48BD289ECF27}
	EndGlobalSection
EndGlobal
